
Microsoft Visual Studio Solution File, Format Version 12.00
# Visual Studio Version 17
VisualStudioVersion = 17.8.34330.188
MinimumVisualStudioVersion = 10.0.40219.1
Project("{FAE04EC0-301F-11D3-BF4B-00C04F79EFBC}") = "MinipcBot", "MinipcBot.csproj", "{08997DD4-7781-4720-959F-D8093A9A01CC}"
EndProject
Global
	GlobalSection(SolutionConfigurationPlatforms) = preSolution
		Debug|Any CPU = Debug|Any CPU
		Release|Any CPU = Release|Any CPU
	EndGlobalSection
	GlobalSection(ProjectConfigurationPlatforms) = postSolution
		{08997DD4-7781-4720-959F-D8093A9A01CC}.Debug|Any CPU.ActiveCfg = Debug|Any CPU
		{08997DD4-7781-4720-959F-D8093A9A01CC}.Debug|Any CPU.Build.0 = Debug|Any CPU
		{08997DD4-7781-4720-959F-D8093A9A01CC}.Release|Any CPU.ActiveCfg = Release|Any CPU
		{08997DD4-7781-4720-959F-D8093A9A01CC}.Release|Any CPU.Build.0 = Release|Any CPU
	EndGlobalSection
	GlobalSection(SolutionProperties) = preSolution
		HideSolutionNode = FALSE
	EndGlobalSection
	GlobalSection(ExtensibilityGlobals) = postSolution
		SolutionGuid = {F8A47586-9C0F-4966-B4F8-93FA9953D0D2}
	EndGlobalSection
EndGlobal
