
Microsoft Visual Studio Solution File, Format Version 12.00
Project("{FAE04EC0-301F-11D3-BF4B-00C04F79EFBC}") = "MiniPC.Core", "MiniPC.Core\MiniPC.Core.csproj", "{F558A60D-0720-42BC-99F4-7D13CACA936E}"
EndProject
Project("{FAE04EC0-301F-11D3-BF4B-00C04F79EFBC}") = "MiniPC.Discord", "MiniPC.Discord\MiniPC.Discord.csproj", "{3C1A9CF7-152D-4DFD-82C5-0D948EB2080F}"
EndProject
Global
	GlobalSection(SolutionConfigurationPlatforms) = preSolution
		Debug|Any CPU = Debug|Any CPU
		Release|Any CPU = Release|Any CPU
	EndGlobalSection
	GlobalSection(ProjectConfigurationPlatforms) = postSolution
		{F558A60D-0720-42BC-99F4-7D13CACA936E}.Debug|Any CPU.ActiveCfg = Debug|Any CPU
		{F558A60D-0720-42BC-99F4-7D13CACA936E}.Debug|Any CPU.Build.0 = Debug|Any CPU
		{F558A60D-0720-42BC-99F4-7D13CACA936E}.Release|Any CPU.ActiveCfg = Release|Any CPU
		{F558A60D-0720-42BC-99F4-7D13CACA936E}.Release|Any CPU.Build.0 = Release|Any CPU
		{3C1A9CF7-152D-4DFD-82C5-0D948EB2080F}.Debug|Any CPU.ActiveCfg = Debug|Any CPU
		{3C1A9CF7-152D-4DFD-82C5-0D948EB2080F}.Debug|Any CPU.Build.0 = Debug|Any CPU
		{3C1A9CF7-152D-4DFD-82C5-0D948EB2080F}.Release|Any CPU.ActiveCfg = Release|Any CPU
		{3C1A9CF7-152D-4DFD-82C5-0D948EB2080F}.Release|Any CPU.Build.0 = Release|Any CPU
	EndGlobalSection
EndGlobal
